# This is a Gradle generated file for dependency locking.
# Manual edits can break the build and are not advised.
# This file is expected to be part of source control.
com.github.ben-manes.caffeine:caffeine:2.9.3=swiftExportClasspathResolvable
com.google.errorprone:error_prone_annotations:2.28.0=swiftExportClasspathResolvable
io.github.java-diff-utils:java-diff-utils:4.12=kotlinInternalAbiValidation
io.opentelemetry:opentelemetry-api:1.41.0=swiftExportClasspathResolvable
io.opentelemetry:opentelemetry-context:1.41.0=swiftExportClasspathResolvable
junit:junit:4.13.2=desktopTestCompileClasspath,desktopTestRuntimeClasspath
org.bouncycastle:bcpg-jdk18on:1.80=kotlinBouncyCastleConfiguration
org.bouncycastle:bcpkix-jdk18on:1.80=kotlinBouncyCastleConfiguration
org.bouncycastle:bcprov-jdk18on:1.80.2=kotlinBouncyCastleConfiguration
org.bouncycastle:bcutil-jdk18on:1.80.2=kotlinBouncyCastleConfiguration
org.checkerframework:checker-qual:3.43.0=swiftExportClasspathResolvable
org.hamcrest:hamcrest-core:1.3=desktopTestCompileClasspath,desktopTestRuntimeClasspath
org.jetbrains.kotlin:abi-tools-api:2.2.21=kotlinInternalAbiValidation
org.jetbrains.kotlin:abi-tools:2.2.21=kotlinInternalAbiValidation
org.jetbrains.kotlin:kotlin-build-tools-api:2.2.21=kotlinBuildToolsApiClasspath
org.jetbrains.kotlin:kotlin-build-tools-impl:2.2.21=kotlinBuildToolsApiClasspath
org.jetbrains.kotlin:kotlin-compiler-embeddable:2.2.21=kotlinBuildToolsApiClasspath,kotlinCompilerClasspath,kotlinInternalAbiValidation,kotlinKlibCommonizerClasspath,swiftExportClasspathResolvable
org.jetbrains.kotlin:kotlin-compiler-runner:2.2.21=kotlinBuildToolsApiClasspath
org.jetbrains.kotlin:kotlin-daemon-client:2.2.21=kotlinBuildToolsApiClasspath
org.jetbrains.kotlin:kotlin-daemon-embeddable:2.2.21=kotlinBuildToolsApiClasspath,kotlinCompilerClasspath,kotlinInternalAbiValidation,kotlinKlibCommonizerClasspath,swiftExportClasspathResolvable
org.jetbrains.kotlin:kotlin-klib-commonizer-embeddable:2.2.21=kotlinKlibCommonizerClasspath
org.jetbrains.kotlin:kotlin-metadata-jvm:2.2.21=kotlinInternalAbiValidation
org.jetbrains.kotlin:kotlin-native-prebuilt:2.2.21=kotlinNativeBundleConfiguration
org.jetbrains.kotlin:kotlin-reflect:1.6.10=kotlinBuildToolsApiClasspath,kotlinCompilerClasspath,kotlinInternalAbiValidation,kotlinKlibCommonizerClasspath,swiftExportClasspathResolvable
org.jetbrains.kotlin:kotlin-script-runtime:2.2.21=kotlinBuildToolsApiClasspath,kotlinCompilerClasspath,kotlinCompilerPluginClasspathAndroidHostTest,kotlinCompilerPluginClasspathAndroidMain,kotlinCompilerPluginClasspathDesktopMain,kotlinCompilerPluginClasspathDesktopTest,kotlinCompilerPluginClasspathMetadataCommonMain,kotlinCompilerPluginClasspathMetadataMain,kotlinInternalAbiValidation,kotlinKlibCommonizerClasspath,swiftExportClasspathResolvable
org.jetbrains.kotlin:kotlin-scripting-common:2.2.21=kotlinBuildToolsApiClasspath,kotlinCompilerPluginClasspathAndroidHostTest,kotlinCompilerPluginClasspathAndroidMain,kotlinCompilerPluginClasspathDesktopMain,kotlinCompilerPluginClasspathDesktopTest,kotlinCompilerPluginClasspathMetadataCommonMain,kotlinCompilerPluginClasspathMetadataMain
org.jetbrains.kotlin:kotlin-scripting-compiler-embeddable:2.2.21=kotlinBuildToolsApiClasspath,kotlinCompilerPluginClasspathAndroidHostTest,kotlinCompilerPluginClasspathAndroidMain,kotlinCompilerPluginClasspathDesktopMain,kotlinCompilerPluginClasspathDesktopTest,kotlinCompilerPluginClasspathMetadataCommonMain,kotlinCompilerPluginClasspathMetadataMain
org.jetbrains.kotlin:kotlin-scripting-compiler-impl-embeddable:2.2.21=kotlinBuildToolsApiClasspath,kotlinCompilerPluginClasspathAndroidHostTest,kotlinCompilerPluginClasspathAndroidMain,kotlinCompilerPluginClasspathDesktopMain,kotlinCompilerPluginClasspathDesktopTest,kotlinCompilerPluginClasspathMetadataCommonMain,kotlinCompilerPluginClasspathMetadataMain
org.jetbrains.kotlin:kotlin-scripting-jvm:2.2.21=kotlinBuildToolsApiClasspath,kotlinCompilerPluginClasspathAndroidHostTest,kotlinCompilerPluginClasspathAndroidMain,kotlinCompilerPluginClasspathDesktopMain,kotlinCompilerPluginClasspathDesktopTest,kotlinCompilerPluginClasspathMetadataCommonMain,kotlinCompilerPluginClasspathMetadataMain
org.jetbrains.kotlin:kotlin-serialization-compiler-plugin-embeddable:2.2.21=kotlinCompilerPluginClasspathAndroidHostTest,kotlinCompilerPluginClasspathAndroidMain,kotlinCompilerPluginClasspathDesktopMain,kotlinCompilerPluginClasspathDesktopTest,kotlinCompilerPluginClasspathIosArm64Main,kotlinCompilerPluginClasspathIosArm64Test,kotlinCompilerPluginClasspathIosSimulatorArm64Main,kotlinCompilerPluginClasspathIosSimulatorArm64Test,kotlinCompilerPluginClasspathIosX64Main,kotlinCompilerPluginClasspathIosX64Test,kotlinCompilerPluginClasspathMetadataAppleMain,kotlinCompilerPluginClasspathMetadataCommonMain,kotlinCompilerPluginClasspathMetadataIosMain,kotlinCompilerPluginClasspathMetadataMain,kotlinCompilerPluginClasspathMetadataNativeMain
org.jetbrains.kotlin:kotlin-stdlib-common:2.2.21=allTestSourceSetsCompileDependenciesMetadata,androidHostTestResolvableDependenciesMetadata,appleTestApiDependenciesMetadata,appleTestCompileOnlyDependenciesMetadata,appleTestImplementationDependenciesMetadata,appleTestResolvableDependenciesMetadata,commonTestApiDependenciesMetadata,commonTestCompileOnlyDependenciesMetadata,commonTestImplementationDependenciesMetadata,commonTestResolvableDependenciesMetadata,desktopTestResolvableDependenciesMetadata,iosArm64TestCInterop,iosArm64TestResolvableDependenciesMetadata,iosSimulatorArm64TestCInterop,iosSimulatorArm64TestResolvableDependenciesMetadata,iosTestApiDependenciesMetadata,iosTestCompileOnlyDependenciesMetadata,iosTestImplementationDependenciesMetadata,iosTestResolvableDependenciesMetadata,iosX64TestCInterop,iosX64TestResolvableDependenciesMetadata,nativeTestApiDependenciesMetadata,nativeTestCompileOnlyDependenciesMetadata,nativeTestImplementationDependenciesMetadata,nativeTestResolvableDependenciesMetadata
org.jetbrains.kotlin:kotlin-stdlib:2.2.21=allSourceSetsCompileDependenciesMetadata,allTestSourceSetsCompileDependenciesMetadata,androidCompileClasspath,androidHostTestApiDependenciesMetadata,androidHostTestCompileOnlyDependenciesMetadata,androidHostTestImplementationDependenciesMetadata,androidHostTestResolvableDependenciesMetadata,androidMainApiDependenciesMetadata,androidMainCompileOnlyDependenciesMetadata,androidMainImplementationDependenciesMetadata,androidMainResolvableDependenciesMetadata,androidRuntimeClasspath,commonMainApiDependenciesMetadata,commonMainCompileOnlyDependenciesMetadata,commonMainImplementationDependenciesMetadata,commonMainResolvableDependenciesMetadata,commonTestApiDependenciesMetadata,commonTestCompileOnlyDependenciesMetadata,commonTestImplementationDependenciesMetadata,commonTestResolvableDependenciesMetadata,desktopCompileClasspath,desktopMainApiDependenciesMetadata,desktopMainCompileClasspath,desktopMainCompileOnlyDependenciesMetadata,desktopMainImplementationDependenciesMetadata,desktopMainResolvableDependenciesMetadata,desktopMainRuntimeClasspath,desktopRuntimeClasspath,desktopTestApiDependenciesMetadata,desktopTestCompileClasspath,desktopTestCompileOnlyDependenciesMetadata,desktopTestImplementationDependenciesMetadata,desktopTestResolvableDependenciesMetadata,desktopTestRuntimeClasspath,iosArm64CInterop,iosArm64CompilationDependenciesMetadata,iosArm64CompileKlibraries,iosArm64TestCInterop,iosArm64TestCompilationDependenciesMetadata,iosArm64TestCompileKlibraries,iosSimulatorArm64CInterop,iosSimulatorArm64CompilationDependenciesMetadata,iosSimulatorArm64CompileKlibraries,iosSimulatorArm64TestCInterop,iosSimulatorArm64TestCompilationDependenciesMetadata,iosSimulatorArm64TestCompileKlibraries,iosX64CInterop,iosX64CompilationDependenciesMetadata,iosX64CompileKlibraries,iosX64TestCInterop,iosX64TestCompilationDependenciesMetadata,iosX64TestCompileKlibraries,kotlinBuildToolsApiClasspath,kotlinCompilerClasspath,kotlinCompilerPluginClasspathAndroidHostTest,kotlinCompilerPluginClasspathAndroidMain,kotlinCompilerPluginClasspathDesktopMain,kotlinCompilerPluginClasspathDesktopTest,kotlinCompilerPluginClasspathMetadataCommonMain,kotlinCompilerPluginClasspathMetadataMain,kotlinInternalAbiValidation,kotlinKlibCommonizerClasspath,metadataAppleMainCompileClasspath,metadataCommonMainCompileClasspath,metadataCompileClasspath,metadataIosMainCompileClasspath,metadataNativeMainCompileClasspath,resolvableIosArm64CompilationApi,resolvableIosSimulatorArm64CompilationApi,resolvableIosX64CompilationApi,swiftExportClasspathResolvable
org.jetbrains.kotlin:kotlin-test-junit:2.2.21=desktopTestCompileClasspath,desktopTestRuntimeClasspath
org.jetbrains.kotlin:kotlin-test:2.2.21=allTestSourceSetsCompileDependenciesMetadata,androidHostTestApiDependenciesMetadata,androidHostTestCompileOnlyDependenciesMetadata,androidHostTestImplementationDependenciesMetadata,androidHostTestResolvableDependenciesMetadata,appleTestApiDependenciesMetadata,appleTestCompileOnlyDependenciesMetadata,appleTestImplementationDependenciesMetadata,appleTestResolvableDependenciesMetadata,commonTestApiDependenciesMetadata,commonTestCompileOnlyDependenciesMetadata,commonTestImplementationDependenciesMetadata,commonTestResolvableDependenciesMetadata,desktopTestApiDependenciesMetadata,desktopTestCompileClasspath,desktopTestCompileOnlyDependenciesMetadata,desktopTestImplementationDependenciesMetadata,desktopTestResolvableDependenciesMetadata,desktopTestRuntimeClasspath,iosArm64TestApiDependenciesMetadata,iosArm64TestCInterop,iosArm64TestCompilationDependenciesMetadata,iosArm64TestCompileKlibraries,iosArm64TestCompileOnlyDependenciesMetadata,iosArm64TestImplementationDependenciesMetadata,iosArm64TestResolvableDependenciesMetadata,iosSimulatorArm64TestApiDependenciesMetadata,iosSimulatorArm64TestCInterop,iosSimulatorArm64TestCompilationDependenciesMetadata,iosSimulatorArm64TestCompileKlibraries,iosSimulatorArm64TestCompileOnlyDependenciesMetadata,iosSimulatorArm64TestImplementationDependenciesMetadata,iosSimulatorArm64TestResolvableDependenciesMetadata,iosTestApiDependenciesMetadata,iosTestCompileOnlyDependenciesMetadata,iosTestImplementationDependenciesMetadata,iosTestResolvableDependenciesMetadata,iosX64TestApiDependenciesMetadata,iosX64TestCInterop,iosX64TestCompilationDependenciesMetadata,iosX64TestCompileKlibraries,iosX64TestCompileOnlyDependenciesMetadata,iosX64TestImplementationDependenciesMetadata,iosX64TestResolvableDependenciesMetadata,nativeTestApiDependenciesMetadata,nativeTestCompileOnlyDependenciesMetadata,nativeTestImplementationDependenciesMetadata,nativeTestResolvableDependenciesMetadata
org.jetbrains.kotlin:swift-export-embeddable:2.2.21=swiftExportClasspathResolvable
org.jetbrains.kotlinx:atomicfu-iosarm64:0.23.1=iosArm64TestCInterop,iosArm64TestCompilationDependenciesMetadata,iosArm64TestCompileKlibraries
org.jetbrains.kotlinx:atomicfu-iossimulatorarm64:0.23.1=iosSimulatorArm64TestCInterop,iosSimulatorArm64TestCompilationDependenciesMetadata,iosSimulatorArm64TestCompileKlibraries
org.jetbrains.kotlinx:atomicfu-iosx64:0.23.1=iosX64TestCInterop,iosX64TestCompilationDependenciesMetadata,iosX64TestCompileKlibraries
org.jetbrains.kotlinx:atomicfu:0.23.1=allTestSourceSetsCompileDependenciesMetadata,androidHostTestApiDependenciesMetadata,androidHostTestCompileOnlyDependenciesMetadata,androidHostTestImplementationDependenciesMetadata,androidHostTestResolvableDependenciesMetadata,appleTestApiDependenciesMetadata,appleTestCompileOnlyDependenciesMetadata,appleTestImplementationDependenciesMetadata,appleTestResolvableDependenciesMetadata,commonTestApiDependenciesMetadata,commonTestCompileOnlyDependenciesMetadata,commonTestImplementationDependenciesMetadata,commonTestResolvableDependenciesMetadata,desktopTestApiDependenciesMetadata,desktopTestCompileOnlyDependenciesMetadata,desktopTestImplementationDependenciesMetadata,desktopTestResolvableDependenciesMetadata,iosArm64TestApiDependenciesMetadata,iosArm64TestCInterop,iosArm64TestCompilationDependenciesMetadata,iosArm64TestCompileKlibraries,iosArm64TestCompileOnlyDependenciesMetadata,iosArm64TestImplementationDependenciesMetadata,iosArm64TestResolvableDependenciesMetadata,iosSimulatorArm64TestApiDependenciesMetadata,iosSimulatorArm64TestCInterop,iosSimulatorArm64TestCompilationDependenciesMetadata,iosSimulatorArm64TestCompileKlibraries,iosSimulatorArm64TestCompileOnlyDependenciesMetadata,iosSimulatorArm64TestImplementationDependenciesMetadata,iosSimulatorArm64TestResolvableDependenciesMetadata,iosTestApiDependenciesMetadata,iosTestCompileOnlyDependenciesMetadata,iosTestImplementationDependenciesMetadata,iosTestResolvableDependenciesMetadata,iosX64TestApiDependenciesMetadata,iosX64TestCInterop,iosX64TestCompilationDependenciesMetadata,iosX64TestCompileKlibraries,iosX64TestCompileOnlyDependenciesMetadata,iosX64TestImplementationDependenciesMetadata,iosX64TestResolvableDependenciesMetadata,nativeTestApiDependenciesMetadata,nativeTestCompileOnlyDependenciesMetadata,nativeTestImplementationDependenciesMetadata,nativeTestResolvableDependenciesMetadata
org.jetbrains.kotlinx:kotlinx-coroutines-bom:1.8.0=desktopTestCompileClasspath,desktopTestRuntimeClasspath
org.jetbrains.kotlinx:kotlinx-coroutines-core-iosarm64:1.8.0=iosArm64TestCInterop,iosArm64TestCompilationDependenciesMetadata,iosArm64TestCompileKlibraries
org.jetbrains.kotlinx:kotlinx-coroutines-core-iossimulatorarm64:1.8.0=iosSimulatorArm64TestCInterop,iosSimulatorArm64TestCompilationDependenciesMetadata,iosSimulatorArm64TestCompileKlibraries
org.jetbrains.kotlinx:kotlinx-coroutines-core-iosx64:1.8.0=iosX64TestCInterop,iosX64TestCompilationDependenciesMetadata,iosX64TestCompileKlibraries
org.jetbrains.kotlinx:kotlinx-coroutines-core-jvm:1.8.0=desktopTestCompileClasspath,desktopTestRuntimeClasspath,kotlinBuildToolsApiClasspath,kotlinCompilerClasspath,kotlinInternalAbiValidation,kotlinKlibCommonizerClasspath,swiftExportClasspathResolvable
org.jetbrains.kotlinx:kotlinx-coroutines-core:1.8.0=allTestSourceSetsCompileDependenciesMetadata,androidHostTestApiDependenciesMetadata,androidHostTestCompileOnlyDependenciesMetadata,androidHostTestImplementationDependenciesMetadata,androidHostTestResolvableDependenciesMetadata,appleTestApiDependenciesMetadata,appleTestCompileOnlyDependenciesMetadata,appleTestImplementationDependenciesMetadata,appleTestResolvableDependenciesMetadata,commonTestApiDependenciesMetadata,commonTestCompileOnlyDependenciesMetadata,commonTestImplementationDependenciesMetadata,commonTestResolvableDependenciesMetadata,desktopTestApiDependenciesMetadata,desktopTestCompileClasspath,desktopTestCompileOnlyDependenciesMetadata,desktopTestImplementationDependenciesMetadata,desktopTestResolvableDependenciesMetadata,desktopTestRuntimeClasspath,iosArm64TestApiDependenciesMetadata,iosArm64TestCInterop,iosArm64TestCompilationDependenciesMetadata,iosArm64TestCompileKlibraries,iosArm64TestCompileOnlyDependenciesMetadata,iosArm64TestImplementationDependenciesMetadata,iosArm64TestResolvableDependenciesMetadata,iosSimulatorArm64TestApiDependenciesMetadata,iosSimulatorArm64TestCInterop,iosSimulatorArm64TestCompilationDependenciesMetadata,iosSimulatorArm64TestCompileKlibraries,iosSimulatorArm64TestCompileOnlyDependenciesMetadata,iosSimulatorArm64TestImplementationDependenciesMetadata,iosSimulatorArm64TestResolvableDependenciesMetadata,iosTestApiDependenciesMetadata,iosTestCompileOnlyDependenciesMetadata,iosTestImplementationDependenciesMetadata,iosTestResolvableDependenciesMetadata,iosX64TestApiDependenciesMetadata,iosX64TestCInterop,iosX64TestCompilationDependenciesMetadata,iosX64TestCompileKlibraries,iosX64TestCompileOnlyDependenciesMetadata,iosX64TestImplementationDependenciesMetadata,iosX64TestResolvableDependenciesMetadata,nativeTestApiDependenciesMetadata,nativeTestCompileOnlyDependenciesMetadata,nativeTestImplementationDependenciesMetadata,nativeTestResolvableDependenciesMetadata
org.jetbrains.kotlinx:kotlinx-coroutines-test-iosarm64:1.8.0=iosArm64TestCInterop,iosArm64TestCompilationDependenciesMetadata,iosArm64TestCompileKlibraries
org.jetbrains.kotlinx:kotlinx-coroutines-test-iossimulatorarm64:1.8.0=iosSimulatorArm64TestCInterop,iosSimulatorArm64TestCompilationDependenciesMetadata,iosSimulatorArm64TestCompileKlibraries
org.jetbrains.kotlinx:kotlinx-coroutines-test-iosx64:1.8.0=iosX64TestCInterop,iosX64TestCompilationDependenciesMetadata,iosX64TestCompileKlibraries
org.jetbrains.kotlinx:kotlinx-coroutines-test-jvm:1.8.0=desktopTestCompileClasspath,desktopTestRuntimeClasspath
org.jetbrains.kotlinx:kotlinx-coroutines-test:1.8.0=allTestSourceSetsCompileDependenciesMetadata,androidHostTestApiDependenciesMetadata,androidHostTestCompileOnlyDependenciesMetadata,androidHostTestImplementationDependenciesMetadata,androidHostTestResolvableDependenciesMetadata,appleTestApiDependenciesMetadata,appleTestCompileOnlyDependenciesMetadata,appleTestImplementationDependenciesMetadata,appleTestResolvableDependenciesMetadata,commonTestApiDependenciesMetadata,commonTestCompileOnlyDependenciesMetadata,commonTestImplementationDependenciesMetadata,commonTestResolvableDependenciesMetadata,desktopTestApiDependenciesMetadata,desktopTestCompileClasspath,desktopTestCompileOnlyDependenciesMetadata,desktopTestImplementationDependenciesMetadata,desktopTestResolvableDependenciesMetadata,desktopTestRuntimeClasspath,iosArm64TestApiDependenciesMetadata,iosArm64TestCInterop,iosArm64TestCompilationDependenciesMetadata,iosArm64TestCompileKlibraries,iosArm64TestCompileOnlyDependenciesMetadata,iosArm64TestImplementationDependenciesMetadata,iosArm64TestResolvableDependenciesMetadata,iosSimulatorArm64TestApiDependenciesMetadata,iosSimulatorArm64TestCInterop,iosSimulatorArm64TestCompilationDependenciesMetadata,iosSimulatorArm64TestCompileKlibraries,iosSimulatorArm64TestCompileOnlyDependenciesMetadata,iosSimulatorArm64TestImplementationDependenciesMetadata,iosSimulatorArm64TestResolvableDependenciesMetadata,iosTestApiDependenciesMetadata,iosTestCompileOnlyDependenciesMetadata,iosTestImplementationDependenciesMetadata,iosTestResolvableDependenciesMetadata,iosX64TestApiDependenciesMetadata,iosX64TestCInterop,iosX64TestCompilationDependenciesMetadata,iosX64TestCompileKlibraries,iosX64TestCompileOnlyDependenciesMetadata,iosX64TestImplementationDependenciesMetadata,iosX64TestResolvableDependenciesMetadata,nativeTestApiDependenciesMetadata,nativeTestCompileOnlyDependenciesMetadata,nativeTestImplementationDependenciesMetadata,nativeTestResolvableDependenciesMetadata
org.jetbrains.kotlinx:kotlinx-serialization-bom:1.7.3=swiftExportClasspathResolvable
org.jetbrains.kotlinx:kotlinx-serialization-bom:1.9.0=androidCompileClasspath,androidRuntimeClasspath,desktopCompileClasspath,desktopMainCompileClasspath,desktopMainRuntimeClasspath,desktopRuntimeClasspath,desktopTestCompileClasspath,desktopTestRuntimeClasspath
org.jetbrains.kotlinx:kotlinx-serialization-core-iosarm64:1.9.0=iosArm64CInterop,iosArm64CompilationDependenciesMetadata,iosArm64CompileKlibraries,iosArm64TestCInterop,iosArm64TestCompilationDependenciesMetadata,iosArm64TestCompileKlibraries
org.jetbrains.kotlinx:kotlinx-serialization-core-iossimulatorarm64:1.9.0=iosSimulatorArm64CInterop,iosSimulatorArm64CompilationDependenciesMetadata,iosSimulatorArm64CompileKlibraries,iosSimulatorArm64TestCInterop,iosSimulatorArm64TestCompilationDependenciesMetadata,iosSimulatorArm64TestCompileKlibraries
org.jetbrains.kotlinx:kotlinx-serialization-core-iosx64:1.9.0=iosX64CInterop,iosX64CompilationDependenciesMetadata,iosX64CompileKlibraries,iosX64TestCInterop,iosX64TestCompilationDependenciesMetadata,iosX64TestCompileKlibraries
org.jetbrains.kotlinx:kotlinx-serialization-core-jvm:1.7.3=swiftExportClasspathResolvable
org.jetbrains.kotlinx:kotlinx-serialization-core-jvm:1.9.0=androidCompileClasspath,androidRuntimeClasspath,desktopCompileClasspath,desktopMainCompileClasspath,desktopMainRuntimeClasspath,desktopRuntimeClasspath,desktopTestCompileClasspath,desktopTestRuntimeClasspath
org.jetbrains.kotlinx:kotlinx-serialization-core:1.7.3=swiftExportClasspathResolvable
org.jetbrains.kotlinx:kotlinx-serialization-core:1.9.0=allSourceSetsCompileDependenciesMetadata,allTestSourceSetsCompileDependenciesMetadata,androidCompileClasspath,androidHostTestApiDependenciesMetadata,androidHostTestCompileOnlyDependenciesMetadata,androidHostTestImplementationDependenciesMetadata,androidHostTestResolvableDependenciesMetadata,androidMainApiDependenciesMetadata,androidMainCompileOnlyDependenciesMetadata,androidMainImplementationDependenciesMetadata,androidMainResolvableDependenciesMetadata,androidRuntimeClasspath,appleMainApiDependenciesMetadata,appleMainCompileOnlyDependenciesMetadata,appleMainImplementationDependenciesMetadata,appleMainResolvableDependenciesMetadata,appleTestApiDependenciesMetadata,appleTestCompileOnlyDependenciesMetadata,appleTestImplementationDependenciesMetadata,appleTestResolvableDependenciesMetadata,commonMainApiDependenciesMetadata,commonMainCompileOnlyDependenciesMetadata,commonMainImplementationDependenciesMetadata,commonMainResolvableDependenciesMetadata,commonTestApiDependenciesMetadata,commonTestCompileOnlyDependenciesMetadata,commonTestImplementationDependenciesMetadata,commonTestResolvableDependenciesMetadata,desktopCompileClasspath,desktopMainApiDependenciesMetadata,desktopMainCompileClasspath,desktopMainCompileOnlyDependenciesMetadata,desktopMainImplementationDependenciesMetadata,desktopMainResolvableDependenciesMetadata,desktopMainRuntimeClasspath,desktopRuntimeClasspath,desktopTestApiDependenciesMetadata,desktopTestCompileClasspath,desktopTestCompileOnlyDependenciesMetadata,desktopTestImplementationDependenciesMetadata,desktopTestResolvableDependenciesMetadata,desktopTestRuntimeClasspath,iosArm64CInterop,iosArm64CompilationDependenciesMetadata,iosArm64CompileKlibraries,iosArm64MainApiDependenciesMetadata,iosArm64MainCompileOnlyDependenciesMetadata,iosArm64MainImplementationDependenciesMetadata,iosArm64MainResolvableDependenciesMetadata,iosArm64TestApiDependenciesMetadata,iosArm64TestCInterop,iosArm64TestCompilationDependenciesMetadata,iosArm64TestCompileKlibraries,iosArm64TestCompileOnlyDependenciesMetadata,iosArm64TestImplementationDependenciesMetadata,iosArm64TestResolvableDependenciesMetadata,iosMainApiDependenciesMetadata,iosMainCompileOnlyDependenciesMetadata,iosMainImplementationDependenciesMetadata,iosMainResolvableDependenciesMetadata,iosSimulatorArm64CInterop,iosSimulatorArm64CompilationDependenciesMetadata,iosSimulatorArm64CompileKlibraries,iosSimulatorArm64MainApiDependenciesMetadata,iosSimulatorArm64MainCompileOnlyDependenciesMetadata,iosSimulatorArm64MainImplementationDependenciesMetadata,iosSimulatorArm64MainResolvableDependenciesMetadata,iosSimulatorArm64TestApiDependenciesMetadata,iosSimulatorArm64TestCInterop,iosSimulatorArm64TestCompilationDependenciesMetadata,iosSimulatorArm64TestCompileKlibraries,iosSimulatorArm64TestCompileOnlyDependenciesMetadata,iosSimulatorArm64TestImplementationDependenciesMetadata,iosSimulatorArm64TestResolvableDependenciesMetadata,iosTestApiDependenciesMetadata,iosTestCompileOnlyDependenciesMetadata,iosTestImplementationDependenciesMetadata,iosTestResolvableDependenciesMetadata,iosX64CInterop,iosX64CompilationDependenciesMetadata,iosX64CompileKlibraries,iosX64MainApiDependenciesMetadata,iosX64MainCompileOnlyDependenciesMetadata,iosX64MainImplementationDependenciesMetadata,iosX64MainResolvableDependenciesMetadata,iosX64TestApiDependenciesMetadata,iosX64TestCInterop,iosX64TestCompilationDependenciesMetadata,iosX64TestCompileKlibraries,iosX64TestCompileOnlyDependenciesMetadata,iosX64TestImplementationDependenciesMetadata,iosX64TestResolvableDependenciesMetadata,metadataAppleMainCompileClasspath,metadataCommonMainCompileClasspath,metadataCompileClasspath,metadataIosMainCompileClasspath,metadataNativeMainCompileClasspath,nativeMainApiDependenciesMetadata,nativeMainCompileOnlyDependenciesMetadata,nativeMainImplementationDependenciesMetadata,nativeMainResolvableDependenciesMetadata,nativeTestApiDependenciesMetadata,nativeTestCompileOnlyDependenciesMetadata,nativeTestImplementationDependenciesMetadata,nativeTestResolvableDependenciesMetadata
org.jetbrains.kotlinx:kotlinx-serialization-json-iosarm64:1.9.0=iosArm64CInterop,iosArm64CompilationDependenciesMetadata,iosArm64CompileKlibraries,iosArm64TestCInterop,iosArm64TestCompilationDependenciesMetadata,iosArm64TestCompileKlibraries
org.jetbrains.kotlinx:kotlinx-serialization-json-iossimulatorarm64:1.9.0=iosSimulatorArm64CInterop,iosSimulatorArm64CompilationDependenciesMetadata,iosSimulatorArm64CompileKlibraries,iosSimulatorArm64TestCInterop,iosSimulatorArm64TestCompilationDependenciesMetadata,iosSimulatorArm64TestCompileKlibraries
org.jetbrains.kotlinx:kotlinx-serialization-json-iosx64:1.9.0=iosX64CInterop,iosX64CompilationDependenciesMetadata,iosX64CompileKlibraries,iosX64TestCInterop,iosX64TestCompilationDependenciesMetadata,iosX64TestCompileKlibraries
org.jetbrains.kotlinx:kotlinx-serialization-json-jvm:1.9.0=androidCompileClasspath,androidRuntimeClasspath,desktopCompileClasspath,desktopMainCompileClasspath,desktopMainRuntimeClasspath,desktopRuntimeClasspath,desktopTestCompileClasspath,desktopTestRuntimeClasspath
org.jetbrains.kotlinx:kotlinx-serialization-json:1.9.0=allSourceSetsCompileDependenciesMetadata,allTestSourceSetsCompileDependenciesMetadata,androidCompileClasspath,androidHostTestApiDependenciesMetadata,androidHostTestCompileOnlyDependenciesMetadata,androidHostTestImplementationDependenciesMetadata,androidHostTestResolvableDependenciesMetadata,androidMainApiDependenciesMetadata,androidMainCompileOnlyDependenciesMetadata,androidMainImplementationDependenciesMetadata,androidMainResolvableDependenciesMetadata,androidRuntimeClasspath,appleMainApiDependenciesMetadata,appleMainCompileOnlyDependenciesMetadata,appleMainImplementationDependenciesMetadata,appleMainResolvableDependenciesMetadata,appleTestApiDependenciesMetadata,appleTestCompileOnlyDependenciesMetadata,appleTestImplementationDependenciesMetadata,appleTestResolvableDependenciesMetadata,commonMainApiDependenciesMetadata,commonMainCompileOnlyDependenciesMetadata,commonMainImplementationDependenciesMetadata,commonMainResolvableDependenciesMetadata,commonTestApiDependenciesMetadata,commonTestCompileOnlyDependenciesMetadata,commonTestImplementationDependenciesMetadata,commonTestResolvableDependenciesMetadata,desktopCompileClasspath,desktopMainApiDependenciesMetadata,desktopMainCompileClasspath,desktopMainCompileOnlyDependenciesMetadata,desktopMainImplementationDependenciesMetadata,desktopMainResolvableDependenciesMetadata,desktopMainRuntimeClasspath,desktopRuntimeClasspath,desktopTestApiDependenciesMetadata,desktopTestCompileClasspath,desktopTestCompileOnlyDependenciesMetadata,desktopTestImplementationDependenciesMetadata,desktopTestResolvableDependenciesMetadata,desktopTestRuntimeClasspath,iosArm64CInterop,iosArm64CompilationDependenciesMetadata,iosArm64CompileKlibraries,iosArm64MainApiDependenciesMetadata,iosArm64MainCompileOnlyDependenciesMetadata,iosArm64MainImplementationDependenciesMetadata,iosArm64MainResolvableDependenciesMetadata,iosArm64TestApiDependenciesMetadata,iosArm64TestCInterop,iosArm64TestCompilationDependenciesMetadata,iosArm64TestCompileKlibraries,iosArm64TestCompileOnlyDependenciesMetadata,iosArm64TestImplementationDependenciesMetadata,iosArm64TestResolvableDependenciesMetadata,iosMainApiDependenciesMetadata,iosMainCompileOnlyDependenciesMetadata,iosMainImplementationDependenciesMetadata,iosMainResolvableDependenciesMetadata,iosSimulatorArm64CInterop,iosSimulatorArm64CompilationDependenciesMetadata,iosSimulatorArm64CompileKlibraries,iosSimulatorArm64MainApiDependenciesMetadata,iosSimulatorArm64MainCompileOnlyDependenciesMetadata,iosSimulatorArm64MainImplementationDependenciesMetadata,iosSimulatorArm64MainResolvableDependenciesMetadata,iosSimulatorArm64TestApiDependenciesMetadata,iosSimulatorArm64TestCInterop,iosSimulatorArm64TestCompilationDependenciesMetadata,iosSimulatorArm64TestCompileKlibraries,iosSimulatorArm64TestCompileOnlyDependenciesMetadata,iosSimulatorArm64TestImplementationDependenciesMetadata,iosSimulatorArm64TestResolvableDependenciesMetadata,iosTestApiDependenciesMetadata,iosTestCompileOnlyDependenciesMetadata,iosTestImplementationDependenciesMetadata,iosTestResolvableDependenciesMetadata,iosX64CInterop,iosX64CompilationDependenciesMetadata,iosX64CompileKlibraries,iosX64MainApiDependenciesMetadata,iosX64MainCompileOnlyDependenciesMetadata,iosX64MainImplementationDependenciesMetadata,iosX64MainResolvableDependenciesMetadata,iosX64TestApiDependenciesMetadata,iosX64TestCInterop,iosX64TestCompilationDependenciesMetadata,iosX64TestCompileKlibraries,iosX64TestCompileOnlyDependenciesMetadata,iosX64TestImplementationDependenciesMetadata,iosX64TestResolvableDependenciesMetadata,metadataAppleMainCompileClasspath,metadataCommonMainCompileClasspath,metadataCompileClasspath,metadataIosMainCompileClasspath,metadataNativeMainCompileClasspath,nativeMainApiDependenciesMetadata,nativeMainCompileOnlyDependenciesMetadata,nativeMainImplementationDependenciesMetadata,nativeMainResolvableDependenciesMetadata,nativeTestApiDependenciesMetadata,nativeTestCompileOnlyDependenciesMetadata,nativeTestImplementationDependenciesMetadata,nativeTestResolvableDependenciesMetadata
org.jetbrains:annotations:13.0=androidCompileClasspath,androidRuntimeClasspath,desktopCompileClasspath,desktopMainCompileClasspath,desktopMainRuntimeClasspath,desktopRuntimeClasspath,kotlinBuildToolsApiClasspath,kotlinCompilerClasspath,kotlinCompilerPluginClasspathAndroidHostTest,kotlinCompilerPluginClasspathAndroidMain,kotlinCompilerPluginClasspathDesktopMain,kotlinCompilerPluginClasspathDesktopTest,kotlinCompilerPluginClasspathMetadataCommonMain,kotlinCompilerPluginClasspathMetadataMain,kotlinInternalAbiValidation,kotlinKlibCommonizerClasspath,swiftExportClasspathResolvable
org.jetbrains:annotations:23.0.0=desktopTestCompileClasspath,desktopTestRuntimeClasspath
empty=androidHostTestIntransitiveDependenciesMetadata,androidJdkImage,androidMainIntransitiveDependenciesMetadata,androidTestUtil,appleMainIntransitiveDependenciesMetadata,appleTestIntransitiveDependenciesMetadata,commonMainIntransitiveDependenciesMetadata,commonTestIntransitiveDependenciesMetadata,coreLibraryDesugaring,desktopMainAnnotationProcessor,desktopMainIntransitiveDependenciesMetadata,desktopTestAnnotationProcessor,desktopTestIntransitiveDependenciesMetadata,hostTestKotlinScriptDefExtensions,iosArm64MainIntransitiveDependenciesMetadata,iosArm64TestIntransitiveDependenciesMetadata,iosMainIntransitiveDependenciesMetadata,iosSimulatorArm64MainIntransitiveDependenciesMetadata,iosSimulatorArm64TestIntransitiveDependenciesMetadata,iosTestIntransitiveDependenciesMetadata,iosX64MainIntransitiveDependenciesMetadata,iosX64TestIntransitiveDependenciesMetadata,kotlinCompilerPluginClasspath,kotlinNativeCompilerPluginClasspath,kotlinScriptDefExtensions,lintChecks,lintPublish,nativeMainIntransitiveDependenciesMetadata,nativeTestIntransitiveDependenciesMetadata,resolvableIosArm64TestCompilationApi,resolvableIosSimulatorArm64TestCompilationApi,resolvableIosX64TestCompilationApi,testKotlinScriptDefExtensions
