# This is a Gradle generated file for dependency locking.
# Manual edits can break the build and are not advised.
# This file is expected to be part of source control.
androidx.annotation:annotation-iosarm64:1.8.0=iosArm64CompileKlibraries
androidx.annotation:annotation-iossimulatorarm64:1.8.0=iosSimulatorArm64CompileKlibraries
androidx.annotation:annotation-iosx64:1.8.0=iosX64CompileKlibraries
androidx.annotation:annotation:1.8.0=iosArm64CompileKlibraries,iosSimulatorArm64CompileKlibraries,iosX64CompileKlibraries
androidx.collection:collection-iosarm64:1.4.0=iosArm64CompileKlibraries
androidx.collection:collection-iossimulatorarm64:1.4.0=iosSimulatorArm64CompileKlibraries
androidx.collection:collection-iosx64:1.4.0=iosX64CompileKlibraries
androidx.collection:collection:1.4.0=iosArm64CompileKlibraries,iosSimulatorArm64CompileKlibraries,iosX64CompileKlibraries
androidx.lifecycle:lifecycle-common-iosarm64:2.8.5=iosArm64CompileKlibraries
androidx.lifecycle:lifecycle-common-iossimulatorarm64:2.8.5=iosSimulatorArm64CompileKlibraries
androidx.lifecycle:lifecycle-common-iosx64:2.8.5=iosX64CompileKlibraries
androidx.lifecycle:lifecycle-common:2.8.5=iosArm64CompileKlibraries,iosSimulatorArm64CompileKlibraries,iosX64CompileKlibraries
androidx.lifecycle:lifecycle-runtime-iosarm64:2.8.5=iosArm64CompileKlibraries
androidx.lifecycle:lifecycle-runtime-iossimulatorarm64:2.8.5=iosSimulatorArm64CompileKlibraries
androidx.lifecycle:lifecycle-runtime-iosx64:2.8.5=iosX64CompileKlibraries
androidx.lifecycle:lifecycle-runtime:2.8.5=iosArm64CompileKlibraries,iosSimulatorArm64CompileKlibraries,iosX64CompileKlibraries
androidx.lifecycle:lifecycle-viewmodel-iosarm64:2.8.5=iosArm64CompileKlibraries
androidx.lifecycle:lifecycle-viewmodel-iossimulatorarm64:2.8.5=iosSimulatorArm64CompileKlibraries
androidx.lifecycle:lifecycle-viewmodel-iosx64:2.8.5=iosX64CompileKlibraries
androidx.lifecycle:lifecycle-viewmodel:2.8.5=iosArm64CompileKlibraries,iosSimulatorArm64CompileKlibraries,iosX64CompileKlibraries
org.jetbrains.androidx.lifecycle:lifecycle-common:2.8.4=iosArm64CompileKlibraries,iosSimulatorArm64CompileKlibraries,iosX64CompileKlibraries
org.jetbrains.androidx.lifecycle:lifecycle-runtime-compose-uikitarm64:2.8.4=iosArm64CompileKlibraries
org.jetbrains.androidx.lifecycle:lifecycle-runtime-compose-uikitsimarm64:2.8.4=iosSimulatorArm64CompileKlibraries
org.jetbrains.androidx.lifecycle:lifecycle-runtime-compose-uikitx64:2.8.4=iosX64CompileKlibraries
org.jetbrains.androidx.lifecycle:lifecycle-runtime-compose:2.8.4=iosArm64CompileKlibraries,iosSimulatorArm64CompileKlibraries,iosX64CompileKlibraries
org.jetbrains.androidx.lifecycle:lifecycle-runtime:2.8.4=iosArm64CompileKlibraries,iosSimulatorArm64CompileKlibraries,iosX64CompileKlibraries
org.jetbrains.androidx.lifecycle:lifecycle-viewmodel:2.8.4=iosArm64CompileKlibraries,iosSimulatorArm64CompileKlibraries,iosX64CompileKlibraries
org.jetbrains.compose.animation:animation-core-uikitarm64:1.7.3=iosArm64CompileKlibraries
org.jetbrains.compose.animation:animation-core-uikitsimarm64:1.7.3=iosSimulatorArm64CompileKlibraries
org.jetbrains.compose.animation:animation-core-uikitx64:1.7.3=iosX64CompileKlibraries
org.jetbrains.compose.animation:animation-core:1.7.3=iosArm64CompileKlibraries,iosSimulatorArm64CompileKlibraries,iosX64CompileKlibraries
org.jetbrains.compose.animation:animation-uikitarm64:1.7.3=iosArm64CompileKlibraries
org.jetbrains.compose.animation:animation-uikitsimarm64:1.7.3=iosSimulatorArm64CompileKlibraries
org.jetbrains.compose.animation:animation-uikitx64:1.7.3=iosX64CompileKlibraries
org.jetbrains.compose.animation:animation:1.7.3=iosArm64CompileKlibraries,iosSimulatorArm64CompileKlibraries,iosX64CompileKlibraries
org.jetbrains.compose.annotation-internal:annotation:1.7.3=iosArm64CompileKlibraries,iosSimulatorArm64CompileKlibraries,iosX64CompileKlibraries
org.jetbrains.compose.collection-internal:collection:1.7.3=iosArm64CompileKlibraries,iosSimulatorArm64CompileKlibraries,iosX64CompileKlibraries
org.jetbrains.compose.foundation:foundation-layout-uikitarm64:1.7.3=iosArm64CompileKlibraries
org.jetbrains.compose.foundation:foundation-layout-uikitsimarm64:1.7.3=iosSimulatorArm64CompileKlibraries
org.jetbrains.compose.foundation:foundation-layout-uikitx64:1.7.3=iosX64CompileKlibraries
org.jetbrains.compose.foundation:foundation-layout:1.7.3=iosArm64CompileKlibraries,iosSimulatorArm64CompileKlibraries,iosX64CompileKlibraries
org.jetbrains.compose.foundation:foundation-uikitarm64:1.7.3=iosArm64CompileKlibraries
org.jetbrains.compose.foundation:foundation-uikitsimarm64:1.7.3=iosSimulatorArm64CompileKlibraries
org.jetbrains.compose.foundation:foundation-uikitx64:1.7.3=iosX64CompileKlibraries
org.jetbrains.compose.foundation:foundation:1.7.3=iosArm64CompileKlibraries,iosSimulatorArm64CompileKlibraries,iosX64CompileKlibraries
org.jetbrains.compose.material3:material3-uikitarm64:1.7.3=iosArm64CompileKlibraries
org.jetbrains.compose.material3:material3-uikitsimarm64:1.7.3=iosSimulatorArm64CompileKlibraries
org.jetbrains.compose.material3:material3-uikitx64:1.7.3=iosX64CompileKlibraries
org.jetbrains.compose.material3:material3:1.7.3=iosArm64CompileKlibraries,iosSimulatorArm64CompileKlibraries,iosX64CompileKlibraries
org.jetbrains.compose.material:material-icons-core-uikitarm64:1.7.3=iosArm64CompileKlibraries
org.jetbrains.compose.material:material-icons-core-uikitsimarm64:1.7.3=iosSimulatorArm64CompileKlibraries
org.jetbrains.compose.material:material-icons-core-uikitx64:1.7.3=iosX64CompileKlibraries
org.jetbrains.compose.material:material-icons-core:1.7.3=iosArm64CompileKlibraries,iosSimulatorArm64CompileKlibraries,iosX64CompileKlibraries
org.jetbrains.compose.material:material-icons-extended-uikitarm64:1.7.3=iosArm64CompileKlibraries
org.jetbrains.compose.material:material-icons-extended-uikitsimarm64:1.7.3=iosSimulatorArm64CompileKlibraries
org.jetbrains.compose.material:material-icons-extended-uikitx64:1.7.3=iosX64CompileKlibraries
org.jetbrains.compose.material:material-icons-extended:1.7.3=iosArm64CompileKlibraries,iosSimulatorArm64CompileKlibraries,iosX64CompileKlibraries
org.jetbrains.compose.material:material-ripple-uikitarm64:1.7.3=iosArm64CompileKlibraries
org.jetbrains.compose.material:material-ripple-uikitsimarm64:1.7.3=iosSimulatorArm64CompileKlibraries
org.jetbrains.compose.material:material-ripple-uikitx64:1.7.3=iosX64CompileKlibraries
org.jetbrains.compose.material:material-ripple:1.7.3=iosArm64CompileKlibraries,iosSimulatorArm64CompileKlibraries,iosX64CompileKlibraries
org.jetbrains.compose.runtime:runtime-saveable-uikitarm64:1.7.3=iosArm64CompileKlibraries
org.jetbrains.compose.runtime:runtime-saveable-uikitsimarm64:1.7.3=iosSimulatorArm64CompileKlibraries
org.jetbrains.compose.runtime:runtime-saveable-uikitx64:1.7.3=iosX64CompileKlibraries
org.jetbrains.compose.runtime:runtime-saveable:1.7.3=iosArm64CompileKlibraries,iosSimulatorArm64CompileKlibraries,iosX64CompileKlibraries
org.jetbrains.compose.runtime:runtime-uikitarm64:1.7.3=iosArm64CompileKlibraries
org.jetbrains.compose.runtime:runtime-uikitsimarm64:1.7.3=iosSimulatorArm64CompileKlibraries
org.jetbrains.compose.runtime:runtime-uikitx64:1.7.3=iosX64CompileKlibraries
org.jetbrains.compose.runtime:runtime:1.7.3=iosArm64CompileKlibraries,iosSimulatorArm64CompileKlibraries,iosX64CompileKlibraries
org.jetbrains.compose.ui:ui-geometry-uikitarm64:1.7.3=iosArm64CompileKlibraries
org.jetbrains.compose.ui:ui-geometry-uikitsimarm64:1.7.3=iosSimulatorArm64CompileKlibraries
org.jetbrains.compose.ui:ui-geometry-uikitx64:1.7.3=iosX64CompileKlibraries
org.jetbrains.compose.ui:ui-geometry:1.7.3=iosArm64CompileKlibraries,iosSimulatorArm64CompileKlibraries,iosX64CompileKlibraries
org.jetbrains.compose.ui:ui-graphics-uikitarm64:1.7.3=iosArm64CompileKlibraries
org.jetbrains.compose.ui:ui-graphics-uikitsimarm64:1.7.3=iosSimulatorArm64CompileKlibraries
org.jetbrains.compose.ui:ui-graphics-uikitx64:1.7.3=iosX64CompileKlibraries
org.jetbrains.compose.ui:ui-graphics:1.7.3=iosArm64CompileKlibraries,iosSimulatorArm64CompileKlibraries,iosX64CompileKlibraries
org.jetbrains.compose.ui:ui-text-uikitarm64:1.7.3=iosArm64CompileKlibraries
org.jetbrains.compose.ui:ui-text-uikitsimarm64:1.7.3=iosSimulatorArm64CompileKlibraries
org.jetbrains.compose.ui:ui-text-uikitx64:1.7.3=iosX64CompileKlibraries
org.jetbrains.compose.ui:ui-text:1.7.3=iosArm64CompileKlibraries,iosSimulatorArm64CompileKlibraries,iosX64CompileKlibraries
org.jetbrains.compose.ui:ui-uikit-uikitarm64:1.7.3=iosArm64CompileKlibraries
org.jetbrains.compose.ui:ui-uikit-uikitsimarm64:1.7.3=iosSimulatorArm64CompileKlibraries
org.jetbrains.compose.ui:ui-uikit-uikitx64:1.7.3=iosX64CompileKlibraries
org.jetbrains.compose.ui:ui-uikit:1.7.3=iosArm64CompileKlibraries,iosSimulatorArm64CompileKlibraries,iosX64CompileKlibraries
org.jetbrains.compose.ui:ui-uikitarm64:1.7.3=iosArm64CompileKlibraries
org.jetbrains.compose.ui:ui-uikitsimarm64:1.7.3=iosSimulatorArm64CompileKlibraries
org.jetbrains.compose.ui:ui-uikitx64:1.7.3=iosX64CompileKlibraries
org.jetbrains.compose.ui:ui-unit-uikitarm64:1.7.3=iosArm64CompileKlibraries
org.jetbrains.compose.ui:ui-unit-uikitsimarm64:1.7.3=iosSimulatorArm64CompileKlibraries
org.jetbrains.compose.ui:ui-unit-uikitx64:1.7.3=iosX64CompileKlibraries
org.jetbrains.compose.ui:ui-unit:1.7.3=iosArm64CompileKlibraries,iosSimulatorArm64CompileKlibraries,iosX64CompileKlibraries
org.jetbrains.compose.ui:ui-util-uikitarm64:1.7.3=iosArm64CompileKlibraries
org.jetbrains.compose.ui:ui-util-uikitsimarm64:1.7.3=iosSimulatorArm64CompileKlibraries
org.jetbrains.compose.ui:ui-util-uikitx64:1.7.3=iosX64CompileKlibraries
org.jetbrains.compose.ui:ui-util:1.7.3=iosArm64CompileKlibraries,iosSimulatorArm64CompileKlibraries,iosX64CompileKlibraries
org.jetbrains.compose.ui:ui:1.7.3=iosArm64CompileKlibraries,iosSimulatorArm64CompileKlibraries,iosX64CompileKlibraries
org.jetbrains.kotlin:kotlin-compiler-embeddable:2.2.21=kotlinCompilerClasspath
org.jetbrains.kotlin:kotlin-compose-compiler-plugin-embeddable:2.2.21=kotlinCompilerPluginClasspathIosArm64Main,kotlinCompilerPluginClasspathIosSimulatorArm64Main,kotlinCompilerPluginClasspathIosX64Main
org.jetbrains.kotlin:kotlin-daemon-embeddable:2.2.21=kotlinCompilerClasspath
org.jetbrains.kotlin:kotlin-native-prebuilt:2.2.21=kotlinNativeBundleConfiguration
org.jetbrains.kotlin:kotlin-reflect:1.6.10=kotlinCompilerClasspath
org.jetbrains.kotlin:kotlin-script-runtime:2.2.21=kotlinCompilerClasspath
org.jetbrains.kotlin:kotlin-stdlib:2.2.21=iosArm64CompileKlibraries,iosSimulatorArm64CompileKlibraries,iosX64CompileKlibraries,kotlinCompilerClasspath
org.jetbrains.kotlinx:atomicfu-iosarm64:0.23.2=iosArm64CompileKlibraries
org.jetbrains.kotlinx:atomicfu-iossimulatorarm64:0.23.2=iosSimulatorArm64CompileKlibraries
org.jetbrains.kotlinx:atomicfu-iosx64:0.23.2=iosX64CompileKlibraries
org.jetbrains.kotlinx:atomicfu:0.23.2=iosArm64CompileKlibraries,iosSimulatorArm64CompileKlibraries,iosX64CompileKlibraries
org.jetbrains.kotlinx:kotlinx-coroutines-core-iosarm64:1.8.0=iosArm64CompileKlibraries
org.jetbrains.kotlinx:kotlinx-coroutines-core-iossimulatorarm64:1.8.0=iosSimulatorArm64CompileKlibraries
org.jetbrains.kotlinx:kotlinx-coroutines-core-iosx64:1.8.0=iosX64CompileKlibraries
org.jetbrains.kotlinx:kotlinx-coroutines-core-jvm:1.8.0=kotlinCompilerClasspath
org.jetbrains.kotlinx:kotlinx-coroutines-core:1.8.0=iosArm64CompileKlibraries,iosSimulatorArm64CompileKlibraries,iosX64CompileKlibraries
org.jetbrains.kotlinx:kotlinx-datetime-iosarm64:0.6.0=iosArm64CompileKlibraries
org.jetbrains.kotlinx:kotlinx-datetime-iossimulatorarm64:0.6.0=iosSimulatorArm64CompileKlibraries
org.jetbrains.kotlinx:kotlinx-datetime-iosx64:0.6.0=iosX64CompileKlibraries
org.jetbrains.kotlinx:kotlinx-datetime:0.6.0=iosArm64CompileKlibraries,iosSimulatorArm64CompileKlibraries,iosX64CompileKlibraries
org.jetbrains.kotlinx:kotlinx-serialization-core-iosarm64:1.9.0=iosArm64CompileKlibraries
org.jetbrains.kotlinx:kotlinx-serialization-core-iossimulatorarm64:1.9.0=iosSimulatorArm64CompileKlibraries
org.jetbrains.kotlinx:kotlinx-serialization-core-iosx64:1.9.0=iosX64CompileKlibraries
org.jetbrains.kotlinx:kotlinx-serialization-core:1.9.0=iosArm64CompileKlibraries,iosSimulatorArm64CompileKlibraries,iosX64CompileKlibraries
org.jetbrains.kotlinx:kotlinx-serialization-json-iosarm64:1.9.0=iosArm64CompileKlibraries
org.jetbrains.kotlinx:kotlinx-serialization-json-iossimulatorarm64:1.9.0=iosSimulatorArm64CompileKlibraries
org.jetbrains.kotlinx:kotlinx-serialization-json-iosx64:1.9.0=iosX64CompileKlibraries
org.jetbrains.kotlinx:kotlinx-serialization-json:1.9.0=iosArm64CompileKlibraries,iosSimulatorArm64CompileKlibraries,iosX64CompileKlibraries
org.jetbrains.skiko:skiko-iosarm64:0.8.18=iosArm64CompileKlibraries
org.jetbrains.skiko:skiko-iossimulatorarm64:0.8.18=iosSimulatorArm64CompileKlibraries
org.jetbrains.skiko:skiko-iosx64:0.8.18=iosX64CompileKlibraries
org.jetbrains.skiko:skiko:0.8.18=iosArm64CompileKlibraries,iosSimulatorArm64CompileKlibraries,iosX64CompileKlibraries
org.jetbrains:annotations:13.0=kotlinCompilerClasspath
empty=iosArm64DebugFrameworkExport,iosArm64ReleaseFrameworkExport,iosSimulatorArm64DebugFrameworkExport,iosX64DebugFrameworkExport
